{
  "name": "nodecarsensorapi",
  "version": "1.0.0",
  "lockfileVersion": 1,
  "requires": true,
  "dependencies": {
    "@types/long": {
      "version": "4.0.1",
      "resolved": "https://registry.npmjs.org/@types/long/-/long-4.0.1.tgz",
      "integrity": "sha512-5tXH6Bx/kNGd3MgffdmP4dy2Z+G4eaXw0SE81Tq3BNadtnMR5/ySMzX4SLEzHJzSmPNn4HIdpQsBvXMUykr58w=="
    },
    "@types/node": {
      "version": "14.0.9",
      "resolved": "https://registry.npmjs.org/@types/node/-/node-14.0.9.tgz",
      "integrity": "sha512-0sCTiXKXELOBxvZLN4krQ0FPOAA7ij+6WwvD0k/PHd9/KAkr4dXel5J9fh6F4x1FwAQILqAWkmpeuS6mjf1iKA=="
    },
    "@types/python-struct": {
      "version": "1.0.0",
      "resolved": "https://registry.npmjs.org/@types/python-struct/-/python-struct-1.0.0.tgz",
      "integrity": "sha512-gQQlCX9/EgnG16mS81L37+3wg8FPPgamHF3kL5Vd3udqGTa20uX4dbzync3iehYdpquE60TT07YspxudnySXxw==",
      "requires": {
        "@types/long": "*",
        "@types/node": "*"
      }
    },
    "long": {
      "version": "4.0.0",
      "resolved": "https://registry.npmjs.org/long/-/long-4.0.0.tgz",
      "integrity": "sha512-XsP+KhQif4bjX1kbuSiySJFNAehNxgLb6hPRGJ9QsUr8ajHkuXGdrHmFUTUUXhDwVX2R5bY4JNZEwbUiMhV+MA=="
    },
    "python-struct": {
      "version": "1.1.3",
      "resolved": "https://registry.npmjs.org/python-struct/-/python-struct-1.1.3.tgz",
      "integrity": "sha512-UsI/mNvk25jRpGKYI38Nfbv84z48oiIWwG67DLVvjRhy8B/0aIK+5Ju5WOHgw/o9rnEmbAS00v4rgKFQeC332Q==",
      "requires": {
        "long": "^4.0.0"
      }
    }
  }
}
